
Microsoft Visual Studio Solution File, Format Version 12.00
# Visual Studio Version 16
VisualStudioVersion = 16.0.30011.22
MinimumVisualStudioVersion = 10.0.40219.1
Project("{9A19103F-16F7-4668-BE54-9A1E7A4F7556}") = "ConsoleAppTestMultySource", "ConsoleAppTestMultySource\ConsoleAppTestMultySource.csproj", "{04AC86C5-3BB5-40FB-8B89-624B7375E4BB}"
EndProject
Global
	GlobalSection(SolutionConfigurationPlatforms) = preSolution
		Debug|Any CPU = Debug|Any CPU
		Release|Any CPU = Release|Any CPU
	EndGlobalSection
	GlobalSection(ProjectConfigurationPlatforms) = postSolution
		{04AC86C5-3BB5-40FB-8B89-624B7375E4BB}.Debug|Any CPU.ActiveCfg = Debug|Any CPU
		{04AC86C5-3BB5-40FB-8B89-624B7375E4BB}.Debug|Any CPU.Build.0 = Debug|Any CPU
		{04AC86C5-3BB5-40FB-8B89-624B7375E4BB}.Release|Any CPU.ActiveCfg = Release|Any CPU
		{04AC86C5-3BB5-40FB-8B89-624B7375E4BB}.Release|Any CPU.Build.0 = Release|Any CPU
	EndGlobalSection
	GlobalSection(SolutionProperties) = preSolution
		HideSolutionNode = FALSE
	EndGlobalSection
	GlobalSection(ExtensibilityGlobals) = postSolution
		SolutionGuid = {4258BA96-E095-4982-8AA2-89F271B9A548}
	EndGlobalSection
EndGlobal
